{
  "name": "vscode-svelte-snippets",
  "version": "0.5.5",
  "lockfileVersion": 2,
  "requires": true,
  "packages": {
    "": {
      "name": "vscode-svelte-snippets",
      "version": "0.5.5",
      "license": "MIT",
      "devDependencies": {},
      "engines": {
        "vscode": "^1.26.0"
      }
    }
  }
}
